
Microsoft Visual Studio Solution File, Format Version 12.00
# Visual Studio 14
VisualStudioVersion = 14.0.23107.0
MinimumVisualStudioVersion = 10.0.40219.1
Project("{8BC9CEB8-8B4A-11D0-8D11-00A0C91BC942}") = "0xChessEngine C-DLL", "0xChessEngine C-DLL\0xChessEngine C-DLL.vcxproj", "{72681316-2B2E-47FF-9C69-1EDC89E08249}"
EndProject
Project("{8BC9CEB8-8B4A-11D0-8D11-00A0C91BC942}") = "0xChessEngine Console-Application", "0xChessEngine Console-Application\0xChessEngine Console-Application.vcxproj", "{5CEBB751-BD18-42DB-BBB0-5E8B1D6806B9}"
EndProject
Project("{FAE04EC0-301F-11D3-BF4B-00C04F79EFBC}") = "0xChessEngine C-DLL Wrapper", "0xChessEngine C-DLL Wrapper\0xChessEngine C-DLL Wrapper.csproj", "{F6EBF40E-8FAC-4823-9478-FC8FDC13C5A2}"
EndProject
Global
	GlobalSection(SolutionConfigurationPlatforms) = preSolution
		Debug|Any CPU = Debug|Any CPU
		Debug|x64 = Debug|x64
		Debug|x86 = Debug|x86
		Release|Any CPU = Release|Any CPU
		Release|x64 = Release|x64
		Release|x86 = Release|x86
	EndGlobalSection
	GlobalSection(ProjectConfigurationPlatforms) = postSolution
		{72681316-2B2E-47FF-9C69-1EDC89E08249}.Debug|Any CPU.ActiveCfg = Debug|Win32
		{72681316-2B2E-47FF-9C69-1EDC89E08249}.Debug|x64.ActiveCfg = Debug|x64
		{72681316-2B2E-47FF-9C69-1EDC89E08249}.Debug|x64.Build.0 = Debug|x64
		{72681316-2B2E-47FF-9C69-1EDC89E08249}.Debug|x86.ActiveCfg = Debug|Win32
		{72681316-2B2E-47FF-9C69-1EDC89E08249}.Debug|x86.Build.0 = Debug|Win32
		{72681316-2B2E-47FF-9C69-1EDC89E08249}.Release|Any CPU.ActiveCfg = Release|Win32
		{72681316-2B2E-47FF-9C69-1EDC89E08249}.Release|x64.ActiveCfg = Release|x64
		{72681316-2B2E-47FF-9C69-1EDC89E08249}.Release|x64.Build.0 = Release|x64
		{72681316-2B2E-47FF-9C69-1EDC89E08249}.Release|x86.ActiveCfg = Release|Win32
		{72681316-2B2E-47FF-9C69-1EDC89E08249}.Release|x86.Build.0 = Release|Win32
		{5CEBB751-BD18-42DB-BBB0-5E8B1D6806B9}.Debug|Any CPU.ActiveCfg = Debug|Win32
		{5CEBB751-BD18-42DB-BBB0-5E8B1D6806B9}.Debug|x64.ActiveCfg = Debug|x64
		{5CEBB751-BD18-42DB-BBB0-5E8B1D6806B9}.Debug|x64.Build.0 = Debug|x64
		{5CEBB751-BD18-42DB-BBB0-5E8B1D6806B9}.Debug|x86.ActiveCfg = Debug|Win32
		{5CEBB751-BD18-42DB-BBB0-5E8B1D6806B9}.Debug|x86.Build.0 = Debug|Win32
		{5CEBB751-BD18-42DB-BBB0-5E8B1D6806B9}.Release|Any CPU.ActiveCfg = Release|Win32
		{5CEBB751-BD18-42DB-BBB0-5E8B1D6806B9}.Release|x64.ActiveCfg = Release|x64
		{5CEBB751-BD18-42DB-BBB0-5E8B1D6806B9}.Release|x64.Build.0 = Release|x64
		{5CEBB751-BD18-42DB-BBB0-5E8B1D6806B9}.Release|x86.ActiveCfg = Release|Win32
		{5CEBB751-BD18-42DB-BBB0-5E8B1D6806B9}.Release|x86.Build.0 = Release|Win32
		{F6EBF40E-8FAC-4823-9478-FC8FDC13C5A2}.Debug|Any CPU.ActiveCfg = Debug|Any CPU
		{F6EBF40E-8FAC-4823-9478-FC8FDC13C5A2}.Debug|Any CPU.Build.0 = Debug|Any CPU
		{F6EBF40E-8FAC-4823-9478-FC8FDC13C5A2}.Debug|x64.ActiveCfg = Debug|Any CPU
		{F6EBF40E-8FAC-4823-9478-FC8FDC13C5A2}.Debug|x64.Build.0 = Debug|Any CPU
		{F6EBF40E-8FAC-4823-9478-FC8FDC13C5A2}.Debug|x86.ActiveCfg = Debug|Any CPU
		{F6EBF40E-8FAC-4823-9478-FC8FDC13C5A2}.Debug|x86.Build.0 = Debug|Any CPU
		{F6EBF40E-8FAC-4823-9478-FC8FDC13C5A2}.Release|Any CPU.ActiveCfg = Release|Any CPU
		{F6EBF40E-8FAC-4823-9478-FC8FDC13C5A2}.Release|Any CPU.Build.0 = Release|Any CPU
		{F6EBF40E-8FAC-4823-9478-FC8FDC13C5A2}.Release|x64.ActiveCfg = Release|Any CPU
		{F6EBF40E-8FAC-4823-9478-FC8FDC13C5A2}.Release|x64.Build.0 = Release|Any CPU
		{F6EBF40E-8FAC-4823-9478-FC8FDC13C5A2}.Release|x86.ActiveCfg = Release|Any CPU
		{F6EBF40E-8FAC-4823-9478-FC8FDC13C5A2}.Release|x86.Build.0 = Release|Any CPU
	EndGlobalSection
	GlobalSection(SolutionProperties) = preSolution
		HideSolutionNode = FALSE
	EndGlobalSection
EndGlobal
